
Microsoft Visual Studio Solution File, Format Version 12.00
# Visual Studio 15
VisualStudioVersion = 15.0.28307.1082
MinimumVisualStudioVersion = 10.0.40219.1
Project("{9A19103F-16F7-4668-BE54-9A1E7A4F7556}") = "kursintro", "kursintro\kursintro.csproj", "{16E7D519-0215-4C5E-84DC-73EB55B815F2}"
EndProject
Project("{9A19103F-16F7-4668-BE54-9A1E7A4F7556}") = "methodlar", "methodlar\methodlar.csproj", "{CA6F934D-FA42-4ED2-933E-A159BC9B6E8C}"
EndProject
Project("{9A19103F-16F7-4668-BE54-9A1E7A4F7556}") = "Matematik", "Matematik\Matematik.csproj", "{A82A3090-3CAE-491C-A4A1-84EFB29DD89E}"
EndProject
Project("{9A19103F-16F7-4668-BE54-9A1E7A4F7556}") = "DegerveReferanstipler", "DegerveReferanstipler\DegerveReferanstipler.csproj", "{E5182F65-A890-4D23-AB40-4FE3568119DA}"
EndProject
Project("{9A19103F-16F7-4668-BE54-9A1E7A4F7556}") = "ClassMetodDemo", "ClassMetodDemo\ClassMetodDemo.csproj", "{3D0FE6BD-51AA-42FA-B58E-2D0575FBB8C7}"
EndProject
Project("{9A19103F-16F7-4668-BE54-9A1E7A4F7556}") = "Oop1", "Oop1\Oop1.csproj", "{D7DB745F-7392-4C52-92E2-0A70A4919CCD}"
EndProject
Project("{9A19103F-16F7-4668-BE54-9A1E7A4F7556}") = "Collections", "Collections\Collections.csproj", "{A48C9603-FA1F-4B1E-A12E-8F19D4D5FCA2}"
EndProject
Project("{9A19103F-16F7-4668-BE54-9A1E7A4F7556}") = "GenericsIntro", "GenericsIntro\GenericsIntro.csproj", "{A0434E44-1DB3-4642-8CD3-2DE483FF0959}"
EndProject
Project("{FAE04EC0-301F-11D3-BF4B-00C04F79EFBC}") = "MyDictionary", "MyDictionary\MyDictionary.csproj", "{1F07F3E3-A7ED-41AC-9A09-D7F13A0D9923}"
EndProject
Global
	GlobalSection(SolutionConfigurationPlatforms) = preSolution
		Debug|Any CPU = Debug|Any CPU
		Release|Any CPU = Release|Any CPU
	EndGlobalSection
	GlobalSection(ProjectConfigurationPlatforms) = postSolution
		{16E7D519-0215-4C5E-84DC-73EB55B815F2}.Debug|Any CPU.ActiveCfg = Debug|Any CPU
		{16E7D519-0215-4C5E-84DC-73EB55B815F2}.Debug|Any CPU.Build.0 = Debug|Any CPU
		{16E7D519-0215-4C5E-84DC-73EB55B815F2}.Release|Any CPU.ActiveCfg = Release|Any CPU
		{16E7D519-0215-4C5E-84DC-73EB55B815F2}.Release|Any CPU.Build.0 = Release|Any CPU
		{CA6F934D-FA42-4ED2-933E-A159BC9B6E8C}.Debug|Any CPU.ActiveCfg = Debug|Any CPU
		{CA6F934D-FA42-4ED2-933E-A159BC9B6E8C}.Debug|Any CPU.Build.0 = Debug|Any CPU
		{CA6F934D-FA42-4ED2-933E-A159BC9B6E8C}.Release|Any CPU.ActiveCfg = Release|Any CPU
		{CA6F934D-FA42-4ED2-933E-A159BC9B6E8C}.Release|Any CPU.Build.0 = Release|Any CPU
		{A82A3090-3CAE-491C-A4A1-84EFB29DD89E}.Debug|Any CPU.ActiveCfg = Debug|Any CPU
		{A82A3090-3CAE-491C-A4A1-84EFB29DD89E}.Debug|Any CPU.Build.0 = Debug|Any CPU
		{A82A3090-3CAE-491C-A4A1-84EFB29DD89E}.Release|Any CPU.ActiveCfg = Release|Any CPU
		{A82A3090-3CAE-491C-A4A1-84EFB29DD89E}.Release|Any CPU.Build.0 = Release|Any CPU
		{E5182F65-A890-4D23-AB40-4FE3568119DA}.Debug|Any CPU.ActiveCfg = Debug|Any CPU
		{E5182F65-A890-4D23-AB40-4FE3568119DA}.Debug|Any CPU.Build.0 = Debug|Any CPU
		{E5182F65-A890-4D23-AB40-4FE3568119DA}.Release|Any CPU.ActiveCfg = Release|Any CPU
		{E5182F65-A890-4D23-AB40-4FE3568119DA}.Release|Any CPU.Build.0 = Release|Any CPU
		{3D0FE6BD-51AA-42FA-B58E-2D0575FBB8C7}.Debug|Any CPU.ActiveCfg = Debug|Any CPU
		{3D0FE6BD-51AA-42FA-B58E-2D0575FBB8C7}.Debug|Any CPU.Build.0 = Debug|Any CPU
		{3D0FE6BD-51AA-42FA-B58E-2D0575FBB8C7}.Release|Any CPU.ActiveCfg = Release|Any CPU
		{3D0FE6BD-51AA-42FA-B58E-2D0575FBB8C7}.Release|Any CPU.Build.0 = Release|Any CPU
		{D7DB745F-7392-4C52-92E2-0A70A4919CCD}.Debug|Any CPU.ActiveCfg = Debug|Any CPU
		{D7DB745F-7392-4C52-92E2-0A70A4919CCD}.Debug|Any CPU.Build.0 = Debug|Any CPU
		{D7DB745F-7392-4C52-92E2-0A70A4919CCD}.Release|Any CPU.ActiveCfg = Release|Any CPU
		{D7DB745F-7392-4C52-92E2-0A70A4919CCD}.Release|Any CPU.Build.0 = Release|Any CPU
		{A48C9603-FA1F-4B1E-A12E-8F19D4D5FCA2}.Debug|Any CPU.ActiveCfg = Debug|Any CPU
		{A48C9603-FA1F-4B1E-A12E-8F19D4D5FCA2}.Debug|Any CPU.Build.0 = Debug|Any CPU
		{A48C9603-FA1F-4B1E-A12E-8F19D4D5FCA2}.Release|Any CPU.ActiveCfg = Release|Any CPU
		{A48C9603-FA1F-4B1E-A12E-8F19D4D5FCA2}.Release|Any CPU.Build.0 = Release|Any CPU
		{A0434E44-1DB3-4642-8CD3-2DE483FF0959}.Debug|Any CPU.ActiveCfg = Debug|Any CPU
		{A0434E44-1DB3-4642-8CD3-2DE483FF0959}.Debug|Any CPU.Build.0 = Debug|Any CPU
		{A0434E44-1DB3-4642-8CD3-2DE483FF0959}.Release|Any CPU.ActiveCfg = Release|Any CPU
		{A0434E44-1DB3-4642-8CD3-2DE483FF0959}.Release|Any CPU.Build.0 = Release|Any CPU
		{1F07F3E3-A7ED-41AC-9A09-D7F13A0D9923}.Debug|Any CPU.ActiveCfg = Debug|Any CPU
		{1F07F3E3-A7ED-41AC-9A09-D7F13A0D9923}.Debug|Any CPU.Build.0 = Debug|Any CPU
		{1F07F3E3-A7ED-41AC-9A09-D7F13A0D9923}.Release|Any CPU.ActiveCfg = Release|Any CPU
		{1F07F3E3-A7ED-41AC-9A09-D7F13A0D9923}.Release|Any CPU.Build.0 = Release|Any CPU
	EndGlobalSection
	GlobalSection(SolutionProperties) = preSolution
		HideSolutionNode = FALSE
	EndGlobalSection
	GlobalSection(ExtensibilityGlobals) = postSolution
		SolutionGuid = {C8BA29C4-A840-4218-BCC0-357FA3F7B4E4}
	EndGlobalSection
EndGlobal
